<?xml version="1.0" encoding="utf-8"?>
<Project ToolsVersion="4.0" xmlns="http://schemas.microsoft.com/developer/msbuild/2003">
  <ItemGroup>
    <Filter Include="소스 파일">
      <UniqueIdentifier>{4FC737F1-C7A5-4376-A066-2A32D752A2FF}</UniqueIdentifier>
      <Extensions>cpp;c;cc;cxx;def;odl;idl;hpj;bat;asm;asmx</Extensions>
    </Filter>
    <Filter Include="헤더 파일">
      <UniqueIdentifier>{93995380-89BD-4b04-88EB-625FBE52EBFB}</UniqueIdentifier>
      <Extensions>h;hh;hpp;hxx;hm;inl;inc;xsd</Extensions>
    </Filter>
    <Filter Include="리소스 파일">
      <UniqueIdentifier>{67DA6AB6-F800-4c08-8B7A-83BB121AAD01}</UniqueIdentifier>
      <Extensions>rc;ico;cur;bmp;dlg;rc2;rct;bin;rgs;gif;jpg;jpeg;jpe;resx;tiff;tif;png;wav;mfcribbon-ms</Extensions>
    </Filter>
    <Filter Include="00. MainGame">
      <UniqueIdentifier>{f103f6b9-f5a8-47ff-93ad-f771d144ccd8}</UniqueIdentifier>
    </Filter>
    <Filter Include="99. Header">
      <UniqueIdentifier>{3f2ab2b7-353b-4027-92e0-0ddd933bed44}</UniqueIdentifier>
    </Filter>
    <Filter Include="01. Obj">
      <UniqueIdentifier>{55bf2e78-e211-4e98-ad83-de90e63e906e}</UniqueIdentifier>
    </Filter>
    <Filter Include="01. Obj\00. Player">
      <UniqueIdentifier>{86254cf4-7c1c-4a57-a648-f484c80cba50}</UniqueIdentifier>
    </Filter>
    <Filter Include="01. Obj\01. Monster">
      <UniqueIdentifier>{f8d97e5c-2e1c-4f5b-8b7c-4e0738bd7db1}</UniqueIdentifier>
    </Filter>
    <Filter Include="01. Obj\02. Attack">
      <UniqueIdentifier>{4112eeb1-96ed-4037-9e77-727e5bad546d}</UniqueIdentifier>
    </Filter>
    <Filter Include="01. Obj\02. Attack\00. PAttack">
      <UniqueIdentifier>{ae1b1804-b382-4c55-aa5c-9deff1946958}</UniqueIdentifier>
    </Filter>
    <Filter Include="01. Obj\02. Attack\01. MAttack">
      <UniqueIdentifier>{fc4f9eed-7119-42f4-a273-542af08dae32}</UniqueIdentifier>
    </Filter>
    <Filter Include="01. Obj\04. Item">
      <UniqueIdentifier>{20519bf0-c7ef-4342-b50d-60e578208ca7}</UniqueIdentifier>
    </Filter>
    <Filter Include="02. Scene">
      <UniqueIdentifier>{9d642ae5-6c49-47c5-9df7-9c00d14b347e}</UniqueIdentifier>
    </Filter>
    <Filter Include="98. Design">
      <UniqueIdentifier>{f8722071-7c6c-4411-b0d2-9984956d6cd4}</UniqueIdentifier>
    </Filter>
    <Filter Include="98. Design\CollisionMgr">
      <UniqueIdentifier>{d0ed570a-d9ad-4df3-9f68-33d574dcae7d}</UniqueIdentifier>
    </Filter>
    <Filter Include="98. Design\ScrollMgr">
      <UniqueIdentifier>{216d7665-a473-46bd-8b55-15f42fed0fe4}</UniqueIdentifier>
    </Filter>
    <Filter Include="98. Design\LineMgr">
      <UniqueIdentifier>{465d8332-3d0a-48fa-8bfb-0cfed2a5cdf0}</UniqueIdentifier>
    </Filter>
    <Filter Include="98. Design\ObjMgr">
      <UniqueIdentifier>{2c63d28d-78a9-4616-9aef-93e6626c23c2}</UniqueIdentifier>
    </Filter>
    <Filter Include="98. Design\BmpMgr">
      <UniqueIdentifier>{2cd96942-5527-4181-b14c-f8d4e5c37463}</UniqueIdentifier>
    </Filter>
    <Filter Include="98. Design\SceneMgr">
      <UniqueIdentifier>{eb31593b-af81-4527-823e-3b6172814fe0}</UniqueIdentifier>
    </Filter>
    <Filter Include="98. Design\KeyMgr">
      <UniqueIdentifier>{0ebc4d20-ceb7-4736-8163-ad0854219654}</UniqueIdentifier>
    </Filter>
    <Filter Include="01. Obj\03. Inventory">
      <UniqueIdentifier>{834340be-d22d-4401-9744-8517b9615f25}</UniqueIdentifier>
    </Filter>
    <Filter Include="98. Design\BmpMgr\MyBmp">
      <UniqueIdentifier>{970bd606-b7fd-4f38-90a0-70dab45d790b}</UniqueIdentifier>
    </Filter>
    <Filter Include="02. Scene\01. Lobby">
      <UniqueIdentifier>{242ed406-b503-48a1-913c-d539f4be0cbe}</UniqueIdentifier>
    </Filter>
    <Filter Include="02. Scene\02. Stage">
      <UniqueIdentifier>{fc5245a2-f033-4629-80f4-f3b2999ae1e8}</UniqueIdentifier>
    </Filter>
    <Filter Include="02. Scene\02. Stage\00. Stage1">
      <UniqueIdentifier>{799c9f0f-1f6f-4ceb-b045-81c01b12a519}</UniqueIdentifier>
    </Filter>
    <Filter Include="02. Scene\02. Stage\01. Stage2">
      <UniqueIdentifier>{8af72519-95e1-4f87-a862-9a1521acbd82}</UniqueIdentifier>
    </Filter>
    <Filter Include="02. Scene\02. Stage\02. Stage3">
      <UniqueIdentifier>{e4300672-0d3b-4f3e-990d-92308ba1bc55}</UniqueIdentifier>
    </Filter>
    <Filter Include="02. Scene\02. Stage\03. Stage4">
      <UniqueIdentifier>{b3349249-040e-4f55-a868-8e1207e9ce59}</UniqueIdentifier>
    </Filter>
    <Filter Include="02. Scene\00. Logo">
      <UniqueIdentifier>{f066859d-5270-40c7-b051-7bf6359188d9}</UniqueIdentifier>
    </Filter>
    <Filter Include="98. Design\AbstractFactory">
      <UniqueIdentifier>{e3c63111-da06-45e2-a5e4-ae194bf055ff}</UniqueIdentifier>
    </Filter>
    <Filter Include="98. Design\LineMgr\Line">
      <UniqueIdentifier>{4f541158-7e1d-4aa6-8007-c7c847b41b93}</UniqueIdentifier>
    </Filter>
    <Filter Include="01. Obj\05. Block">
      <UniqueIdentifier>{bf28f4ef-9704-4dae-9c42-874cd0c3218c}</UniqueIdentifier>
    </Filter>
    <Filter Include="01. Obj\07. Button">
      <UniqueIdentifier>{1100c22d-362f-4965-8f90-71516f66cbf7}</UniqueIdentifier>
    </Filter>
    <Filter Include="01. Obj\08. UI">
      <UniqueIdentifier>{ae60c1d5-6b01-41cd-8564-25e8c7c30806}</UniqueIdentifier>
    </Filter>
    <Filter Include="01. Obj\06. Effect">
      <UniqueIdentifier>{788be52f-780d-4631-b624-ed3ea2cc60ad}</UniqueIdentifier>
    </Filter>
    <Filter Include="01. Obj\10. Mouse">
      <UniqueIdentifier>{66c78710-0329-4096-a1ff-ec7f5809d404}</UniqueIdentifier>
    </Filter>
    <Filter Include="01. Obj\09. Icon">
      <UniqueIdentifier>{98c93322-3d08-497f-b856-276a8f8590bd}</UniqueIdentifier>
    </Filter>
    <Filter Include="01. Obj\02. Attack\00. PAttack\00. PSkill1">
      <UniqueIdentifier>{0fdfc233-0264-4098-b2f2-cdcde6bbd6b7}</UniqueIdentifier>
    </Filter>
    <Filter Include="01. Obj\02. Attack\00. PAttack\01. PSkill2">
      <UniqueIdentifier>{c16c1993-2a08-4670-850e-df38111e06ed}</UniqueIdentifier>
    </Filter>
    <Filter Include="01. Obj\11. Damage">
      <UniqueIdentifier>{a28eac2a-0c5f-4012-867c-c7c39de83735}</UniqueIdentifier>
    </Filter>
    <Filter Include="01. Obj\12. Shop">
      <UniqueIdentifier>{ec3e3c1d-7c5b-4e69-aa68-dd383e9cc3a1}</UniqueIdentifier>
    </Filter>
    <Filter Include="01. Obj\13. QuickSlot">
      <UniqueIdentifier>{43ca6289-1c83-4d36-8d9c-7da82f27e68e}</UniqueIdentifier>
    </Filter>
    <Filter Include="01. Obj\02. Attack\00. PAttack\02. PSkill3">
      <UniqueIdentifier>{328c7fb3-1454-4be6-88ad-2b2dfe30a30c}</UniqueIdentifier>
    </Filter>
    <Filter Include="01. Obj\14. NPC">
      <UniqueIdentifier>{6c04d014-6ab9-4559-a510-0c883e4dd0e4}</UniqueIdentifier>
    </Filter>
    <Filter Include="01. Obj\02. Attack\00. PAttack\03. PSkill4">
      <UniqueIdentifier>{af0e51ea-cd48-4b9f-a4ea-9996769ad4dd}</UniqueIdentifier>
    </Filter>
    <Filter Include="98. Design\SoundMgr">
      <UniqueIdentifier>{d86a1473-3f30-463e-9d7c-f972e9968fe6}</UniqueIdentifier>
    </Filter>
  </ItemGroup>
  <ItemGroup>
    <Text Include="ReadMe.txt" />
  </ItemGroup>
  <ItemGroup>
    <ClInclude Include="stdafx.h">
      <Filter>헤더 파일</Filter>
    </ClInclude>
    <ClInclude Include="targetver.h">
      <Filter>헤더 파일</Filter>
    </ClInclude>
    <ClInclude Include="Resource.h">
      <Filter>헤더 파일</Filter>
    </ClInclude>
    <ClInclude Include="Default.h">
      <Filter>헤더 파일</Filter>
    </ClInclude>
    <ClInclude Include="MainGame.h">
      <Filter>00. MainGame</Filter>
    </ClInclude>
    <ClInclude Include="Define.h">
      <Filter>99. Header</Filter>
    </ClInclude>
    <ClInclude Include="Struct.h">
      <Filter>99. Header</Filter>
    </ClInclude>
    <ClInclude Include="Obj.h">
      <Filter>01. Obj</Filter>
    </ClInclude>
    <ClInclude Include="Include.h">
      <Filter>99. Header</Filter>
    </ClInclude>
    <ClInclude Include="Player.h">
      <Filter>01. Obj\00. Player</Filter>
    </ClInclude>
    <ClInclude Include="Function.h">
      <Filter>99. Header</Filter>
    </ClInclude>
    <ClInclude Include="Enum.h">
      <Filter>99. Header</Filter>
    </ClInclude>
    <ClInclude Include="Monster.h">
      <Filter>01. Obj\01. Monster</Filter>
    </ClInclude>
    <ClInclude Include="Attack.h">
      <Filter>01. Obj\02. Attack</Filter>
    </ClInclude>
    <ClInclude Include="Pattack.h">
      <Filter>01. Obj\02. Attack\00. PAttack</Filter>
    </ClInclude>
    <ClInclude Include="Mattack.h">
      <Filter>01. Obj\02. Attack\01. MAttack</Filter>
    </ClInclude>
    <ClInclude Include="Inventory.h">
      <Filter>01. Obj\03. Inventory</Filter>
    </ClInclude>
    <ClInclude Include="Item.h">
      <Filter>01. Obj\04. Item</Filter>
    </ClInclude>
    <ClInclude Include="Mouse.h">
      <Filter>01. Obj\10. Mouse</Filter>
    </ClInclude>
    <ClInclude Include="Ui.h">
      <Filter>01. Obj\08. UI</Filter>
    </ClInclude>
    <ClInclude Include="Scene.h">
      <Filter>02. Scene</Filter>
    </ClInclude>
    <ClInclude Include="Lobby.h">
      <Filter>02. Scene\01. Lobby</Filter>
    </ClInclude>
    <ClInclude Include="Stage.h">
      <Filter>02. Scene\02. Stage\00. Stage1</Filter>
    </ClInclude>
    <ClInclude Include="Stage2.h">
      <Filter>02. Scene\02. Stage\01. Stage2</Filter>
    </ClInclude>
    <ClInclude Include="Stage3.h">
      <Filter>02. Scene\02. Stage\02. Stage3</Filter>
    </ClInclude>
    <ClInclude Include="Stage4.h">
      <Filter>02. Scene\02. Stage\03. Stage4</Filter>
    </ClInclude>
    <ClInclude Include="CollisionMgr.h">
      <Filter>98. Design\CollisionMgr</Filter>
    </ClInclude>
    <ClInclude Include="LineMgr.h">
      <Filter>98. Design\LineMgr</Filter>
    </ClInclude>
    <ClInclude Include="ObjMgr.h">
      <Filter>98. Design\ObjMgr</Filter>
    </ClInclude>
    <ClInclude Include="BmpMgr.h">
      <Filter>98. Design\BmpMgr</Filter>
    </ClInclude>
    <ClInclude Include="SceneMgr.h">
      <Filter>98. Design\SceneMgr</Filter>
    </ClInclude>
    <ClInclude Include="KeyMgr.h">
      <Filter>98. Design\KeyMgr</Filter>
    </ClInclude>
    <ClInclude Include="MyBmp.h">
      <Filter>98. Design\BmpMgr\MyBmp</Filter>
    </ClInclude>
    <ClInclude Include="Logo.h">
      <Filter>02. Scene\00. Logo</Filter>
    </ClInclude>
    <ClInclude Include="ScrollMgr.h">
      <Filter>98. Design\ScrollMgr</Filter>
    </ClInclude>
    <ClInclude Include="Buttons.h">
      <Filter>01. Obj\07. Button</Filter>
    </ClInclude>
    <ClInclude Include="AbstractFactory.h">
      <Filter>98. Design\AbstractFactory</Filter>
    </ClInclude>
    <ClInclude Include="Line.h">
      <Filter>98. Design\LineMgr\Line</Filter>
    </ClInclude>
    <ClInclude Include="Block.h">
      <Filter>01. Obj\05. Block</Filter>
    </ClInclude>
    <ClInclude Include="Effect.h">
      <Filter>01. Obj\06. Effect</Filter>
    </ClInclude>
    <ClInclude Include="Icon.h">
      <Filter>01. Obj\09. Icon</Filter>
    </ClInclude>
    <ClInclude Include="PSkill1.h">
      <Filter>01. Obj\02. Attack\00. PAttack\00. PSkill1</Filter>
    </ClInclude>
    <ClInclude Include="PSkill2.h">
      <Filter>01. Obj\02. Attack\00. PAttack\01. PSkill2</Filter>
    </ClInclude>
    <ClInclude Include="Damage.h">
      <Filter>01. Obj\11. Damage</Filter>
    </ClInclude>
    <ClInclude Include="Shop.h">
      <Filter>01. Obj\12. Shop</Filter>
    </ClInclude>
    <ClInclude Include="QuickSlot.h">
      <Filter>01. Obj\13. QuickSlot</Filter>
    </ClInclude>
    <ClInclude Include="PSkill3.h">
      <Filter>01. Obj\02. Attack\00. PAttack\02. PSkill3</Filter>
    </ClInclude>
    <ClInclude Include="Npc.h">
      <Filter>01. Obj\14. NPC</Filter>
    </ClInclude>
    <ClInclude Include="PSkill4.h">
      <Filter>01. Obj\02. Attack\00. PAttack\03. PSkill4</Filter>
    </ClInclude>
    <ClInclude Include="SoundMgr.h">
      <Filter>98. Design\SoundMgr</Filter>
    </ClInclude>
  </ItemGroup>
  <ItemGroup>
    <ClCompile Include="stdafx.cpp">
      <Filter>소스 파일</Filter>
    </ClCompile>
    <ClCompile Include="Default.cpp">
      <Filter>소스 파일</Filter>
    </ClCompile>
    <ClCompile Include="MainGame.cpp">
      <Filter>00. MainGame</Filter>
    </ClCompile>
    <ClCompile Include="Obj.cpp">
      <Filter>01. Obj</Filter>
    </ClCompile>
    <ClCompile Include="Player.cpp">
      <Filter>01. Obj\00. Player</Filter>
    </ClCompile>
    <ClCompile Include="Monster.cpp">
      <Filter>01. Obj\01. Monster</Filter>
    </ClCompile>
    <ClCompile Include="Attack.cpp">
      <Filter>01. Obj\02. Attack</Filter>
    </ClCompile>
    <ClCompile Include="Pattack.cpp">
      <Filter>01. Obj\02. Attack\00. PAttack</Filter>
    </ClCompile>
    <ClCompile Include="Mattack.cpp">
      <Filter>01. Obj\02. Attack\01. MAttack</Filter>
    </ClCompile>
    <ClCompile Include="Inventory.cpp">
      <Filter>01. Obj\03. Inventory</Filter>
    </ClCompile>
    <ClCompile Include="Item.cpp">
      <Filter>01. Obj\04. Item</Filter>
    </ClCompile>
    <ClCompile Include="Mouse.cpp">
      <Filter>01. Obj\10. Mouse</Filter>
    </ClCompile>
    <ClCompile Include="Ui.cpp">
      <Filter>01. Obj\08. UI</Filter>
    </ClCompile>
    <ClCompile Include="Scene.cpp">
      <Filter>02. Scene</Filter>
    </ClCompile>
    <ClCompile Include="Lobby.cpp">
      <Filter>02. Scene\01. Lobby</Filter>
    </ClCompile>
    <ClCompile Include="Stage.cpp">
      <Filter>02. Scene\02. Stage\00. Stage1</Filter>
    </ClCompile>
    <ClCompile Include="Stage2.cpp">
      <Filter>02. Scene\02. Stage\01. Stage2</Filter>
    </ClCompile>
    <ClCompile Include="Stage3.cpp">
      <Filter>02. Scene\02. Stage\02. Stage3</Filter>
    </ClCompile>
    <ClCompile Include="Stage4.cpp">
      <Filter>02. Scene\02. Stage\03. Stage4</Filter>
    </ClCompile>
    <ClCompile Include="CollisionMgr.cpp">
      <Filter>98. Design\CollisionMgr</Filter>
    </ClCompile>
    <ClCompile Include="LineMgr.cpp">
      <Filter>98. Design\LineMgr</Filter>
    </ClCompile>
    <ClCompile Include="ObjMgr.cpp">
      <Filter>98. Design\ObjMgr</Filter>
    </ClCompile>
    <ClCompile Include="BmpMgr.cpp">
      <Filter>98. Design\BmpMgr</Filter>
    </ClCompile>
    <ClCompile Include="SceneMgr.cpp">
      <Filter>98. Design\SceneMgr</Filter>
    </ClCompile>
    <ClCompile Include="KeyMgr.cpp">
      <Filter>98. Design\KeyMgr</Filter>
    </ClCompile>
    <ClCompile Include="MyBmp.cpp">
      <Filter>98. Design\BmpMgr\MyBmp</Filter>
    </ClCompile>
    <ClCompile Include="Logo.cpp">
      <Filter>02. Scene\00. Logo</Filter>
    </ClCompile>
    <ClCompile Include="ScrollMgr.cpp">
      <Filter>98. Design\ScrollMgr</Filter>
    </ClCompile>
    <ClCompile Include="Buttons.cpp">
      <Filter>01. Obj\07. Button</Filter>
    </ClCompile>
    <ClCompile Include="Line.cpp">
      <Filter>98. Design\LineMgr\Line</Filter>
    </ClCompile>
    <ClCompile Include="Block.cpp">
      <Filter>01. Obj\05. Block</Filter>
    </ClCompile>
    <ClCompile Include="Effect.cpp">
      <Filter>01. Obj\06. Effect</Filter>
    </ClCompile>
    <ClCompile Include="Icon.cpp">
      <Filter>01. Obj\09. Icon</Filter>
    </ClCompile>
    <ClCompile Include="PSkill1.cpp">
      <Filter>01. Obj\02. Attack\00. PAttack\00. PSkill1</Filter>
    </ClCompile>
    <ClCompile Include="PSkill2.cpp">
      <Filter>01. Obj\02. Attack\00. PAttack\01. PSkill2</Filter>
    </ClCompile>
    <ClCompile Include="Damage.cpp">
      <Filter>01. Obj\11. Damage</Filter>
    </ClCompile>
    <ClCompile Include="Shop.cpp">
      <Filter>01. Obj\12. Shop</Filter>
    </ClCompile>
    <ClCompile Include="QuickSlot.cpp">
      <Filter>01. Obj\13. QuickSlot</Filter>
    </ClCompile>
    <ClCompile Include="PSkill3.cpp">
      <Filter>01. Obj\02. Attack\00. PAttack\02. PSkill3</Filter>
    </ClCompile>
    <ClCompile Include="Npc.cpp">
      <Filter>01. Obj\14. NPC</Filter>
    </ClCompile>
    <ClCompile Include="PSkill4.cpp">
      <Filter>01. Obj\02. Attack\00. PAttack\03. PSkill4</Filter>
    </ClCompile>
    <ClCompile Include="SoundMgr.cpp">
      <Filter>98. Design\SoundMgr</Filter>
    </ClCompile>
  </ItemGroup>
  <ItemGroup>
    <ResourceCompile Include="Default.rc">
      <Filter>리소스 파일</Filter>
    </ResourceCompile>
  </ItemGroup>
  <ItemGroup>
    <Image Include="small.ico">
      <Filter>리소스 파일</Filter>
    </Image>
    <Image Include="Default.ico">
      <Filter>리소스 파일</Filter>
    </Image>
  </ItemGroup>
</Project>